<?xml version="1.0" encoding="utf-8"?>
<Project ToolsVersion="4.0" xmlns="http://schemas.microsoft.com/developer/msbuild/2003">
  <ItemGroup>
    <Filter Include="shaders">
      <UniqueIdentifier>{9dcf1ed9-8ed2-4cda-a8dc-abf2e7913178}</UniqueIdentifier>
    </Filter>
    <Filter Include="source">
      <UniqueIdentifier>{d9940890-c526-4975-be5c-c8cd8a23623e}</UniqueIdentifier>
    </Filter>
    <Filter Include="source\Application">
      <UniqueIdentifier>{bd6fc9ff-af3b-4260-a813-e93fe745d536}</UniqueIdentifier>
    </Filter>
    <Filter Include="source\Components">
      <UniqueIdentifier>{61589f5f-f4de-4dd1-9ea1-947f916c1828}</UniqueIdentifier>
    </Filter>
    <Filter Include="source\Engine">
      <UniqueIdentifier>{2c947f6a-e33a-42af-aa91-f3b64b9477ca}</UniqueIdentifier>
    </Filter>
    <Filter Include="source\Materials">
      <UniqueIdentifier>{586e9d14-a96c-4772-9640-8200f47f56bd}</UniqueIdentifier>
    </Filter>
    <Filter Include="source\Utility">
      <UniqueIdentifier>{85b7ea7c-8b01-470f-8463-cb0df6cbb125}</UniqueIdentifier>
    </Filter>
    <Filter Include="source\UI">
      <UniqueIdentifier>{526035ea-a5e2-4c6d-b162-9195042aaf4e}</UniqueIdentifier>
    </Filter>
    <Filter Include="shaders\material shader">
      <UniqueIdentifier>{af5c156a-3629-47a5-aa7c-ade957380ca8}</UniqueIdentifier>
    </Filter>
    <Filter Include="shaders\post processing shader">
      <UniqueIdentifier>{d06180c2-66ce-47db-88a8-17b946dfab22}</UniqueIdentifier>
    </Filter>
    <Filter Include="source\UI\imgui">
      <UniqueIdentifier>{12d173fa-f460-46e1-b4b5-568a47d266c1}</UniqueIdentifier>
    </Filter>
    <Filter Include="source\Engine\stb_image">
      <UniqueIdentifier>{73060ea5-0329-419b-8c95-3b9cfd4fd948}</UniqueIdentifier>
    </Filter>
    <Filter Include="source\Engine\glad">
      <UniqueIdentifier>{2827080c-fba1-42f3-9631-e23aa5f4e5a6}</UniqueIdentifier>
    </Filter>
  </ItemGroup>
  <ItemGroup>
    <ClCompile Include="source\Engine\Shader.cpp">
      <Filter>source\Engine</Filter>
    </ClCompile>
    <ClCompile Include="source\Application\main.cpp">
      <Filter>source\Application</Filter>
    </ClCompile>
    <ClCompile Include="source\Engine\Scene.cpp">
      <Filter>source\Engine</Filter>
    </ClCompile>
    <ClCompile Include="source\Application\DemoScene.cpp">
      <Filter>source\Application</Filter>
    </ClCompile>
    <ClCompile Include="source\Engine\Window.cpp">
      <Filter>source\Engine</Filter>
    </ClCompile>
    <ClCompile Include="source\Engine\Node.cpp">
      <Filter>source\Engine</Filter>
    </ClCompile>
    <ClCompile Include="source\Engine\World.cpp">
      <Filter>source\Engine</Filter>
    </ClCompile>
    <ClCompile Include="source\Utility\Filepath.cpp">
      <Filter>source\Utility</Filter>
    </ClCompile>
    <ClCompile Include="source\Utility\Time.cpp">
      <Filter>source\Utility</Filter>
    </ClCompile>
    <ClCompile Include="source\Utility\Input.cpp">
      <Filter>source\Utility</Filter>
    </ClCompile>
    <ClCompile Include="source\Engine\Component.cpp">
      <Filter>source\Engine</Filter>
    </ClCompile>
    <ClCompile Include="source\Components\LightComponent.cpp">
      <Filter>source\Components</Filter>
    </ClCompile>
    <ClCompile Include="source\Components\RenderComponent.cpp">
      <Filter>source\Components</Filter>
    </ClCompile>
    <ClCompile Include="source\Components\CameraComponent.cpp">
      <Filter>source\Components</Filter>
    </ClCompile>
    <ClCompile Include="source\Engine\Material.cpp">
      <Filter>source\Engine</Filter>
    </ClCompile>
    <ClCompile Include="source\Engine\Texture.cpp">
      <Filter>source\Engine</Filter>
    </ClCompile>
    <ClCompile Include="source\Materials\ColorMaterial.cpp">
      <Filter>source\Materials</Filter>
    </ClCompile>
    <ClCompile Include="source\Materials\TextureMaterial.cpp">
      <Filter>source\Materials</Filter>
    </ClCompile>
    <ClCompile Include="source\Engine\Model.cpp">
      <Filter>source\Engine</Filter>
    </ClCompile>
    <ClCompile Include="source\Engine\Mesh.cpp">
      <Filter>source\Engine</Filter>
    </ClCompile>
    <ClCompile Include="source\Engine\Transform.cpp">
      <Filter>source\Engine</Filter>
    </ClCompile>
    <ClCompile Include="source\Engine\Renderer.cpp">
      <Filter>source\Engine</Filter>
    </ClCompile>
    <ClCompile Include="source\Engine\VertexArray.cpp">
      <Filter>source\Engine</Filter>
    </ClCompile>
    <ClCompile Include="source\Engine\Buffer.cpp">
      <Filter>source\Engine</Filter>
    </ClCompile>
    <ClCompile Include="source\Engine\Framebuffer.cpp">
      <Filter>source\Engine</Filter>
    </ClCompile>
    <ClCompile Include="source\Engine\Renderbuffer.cpp">
      <Filter>source\Engine</Filter>
    </ClCompile>
    <ClCompile Include="source\Utility\Math.cpp">
      <Filter>source\Utility</Filter>
    </ClCompile>
    <ClCompile Include="source\Utility\RenderSettings.cpp">
      <Filter>source\Utility</Filter>
    </ClCompile>
    <ClCompile Include="source\Materials\PBRMaterial.cpp">
      <Filter>source\Materials</Filter>
    </ClCompile>
    <ClCompile Include="source\Utility\Converter.cpp">
      <Filter>source\Utility</Filter>
    </ClCompile>
    <ClCompile Include="source\UI\OverlayUI.cpp">
      <Filter>source\UI</Filter>
    </ClCompile>
    <ClCompile Include="source\UI\imgui\imgui.cpp">
      <Filter>source\UI\imgui</Filter>
    </ClCompile>
    <ClCompile Include="source\UI\imgui\imgui_demo.cpp">
      <Filter>source\UI\imgui</Filter>
    </ClCompile>
    <ClCompile Include="source\UI\imgui\imgui_draw.cpp">
      <Filter>source\UI\imgui</Filter>
    </ClCompile>
    <ClCompile Include="source\UI\imgui\imgui_impl_glfw.cpp">
      <Filter>source\UI\imgui</Filter>
    </ClCompile>
    <ClCompile Include="source\UI\imgui\imgui_widgets.cpp">
      <Filter>source\UI\imgui</Filter>
    </ClCompile>
    <ClCompile Include="source\Engine\glad\glad.c">
      <Filter>source\Engine\glad</Filter>
    </ClCompile>
    <ClCompile Include="source\UI\imgui\imgui_impl_opengl3.cpp">
      <Filter>source\UI\imgui</Filter>
    </ClCompile>
  </ItemGroup>
  <ItemGroup>
    <ClInclude Include="source\Engine\Shader.h">
      <Filter>source\Engine</Filter>
    </ClInclude>
    <ClInclude Include="source\Engine\Scene.h">
      <Filter>source\Engine</Filter>
    </ClInclude>
    <ClInclude Include="source\Application\DemoScene.h">
      <Filter>source\Application</Filter>
    </ClInclude>
    <ClInclude Include="source\Engine\Window.h">
      <Filter>source\Engine</Filter>
    </ClInclude>
    <ClInclude Include="source\Engine\Node.h">
      <Filter>source\Engine</Filter>
    </ClInclude>
    <ClInclude Include="source\Engine\World.h">
      <Filter>source\Engine</Filter>
    </ClInclude>
    <ClInclude Include="source\Utility\Filepath.h">
      <Filter>source\Utility</Filter>
    </ClInclude>
    <ClInclude Include="source\Utility\Time.h">
      <Filter>source\Utility</Filter>
    </ClInclude>
    <ClInclude Include="source\Utility\Input.h">
      <Filter>source\Utility</Filter>
    </ClInclude>
    <ClInclude Include="source\Utility\Key.h">
      <Filter>source\Utility</Filter>
    </ClInclude>
    <ClInclude Include="source\Utility\MouseButton.h">
      <Filter>source\Utility</Filter>
    </ClInclude>
    <ClInclude Include="source\Engine\Component.h">
      <Filter>source\Engine</Filter>
    </ClInclude>
    <ClInclude Include="source\Utility\ComponentType.h">
      <Filter>source\Utility</Filter>
    </ClInclude>
    <ClInclude Include="source\Utility\LightType.h">
      <Filter>source\Utility</Filter>
    </ClInclude>
    <ClInclude Include="source\Components\LightComponent.h">
      <Filter>source\Components</Filter>
    </ClInclude>
    <ClInclude Include="source\Components\RenderComponent.h">
      <Filter>source\Components</Filter>
    </ClInclude>
    <ClInclude Include="source\Components\CameraComponent.h">
      <Filter>source\Components</Filter>
    </ClInclude>
    <ClInclude Include="source\Engine\Material.h">
      <Filter>source\Engine</Filter>
    </ClInclude>
    <ClInclude Include="source\Engine\Texture.h">
      <Filter>source\Engine</Filter>
    </ClInclude>
    <ClInclude Include="source\Materials\ColorMaterial.h">
      <Filter>source\Materials</Filter>
    </ClInclude>
    <ClInclude Include="source\Materials\TextureMaterial.h">
      <Filter>source\Materials</Filter>
    </ClInclude>
    <ClInclude Include="source\Engine\Vertex.h">
      <Filter>source\Engine</Filter>
    </ClInclude>
    <ClInclude Include="source\Engine\Model.h">
      <Filter>source\Engine</Filter>
    </ClInclude>
    <ClInclude Include="source\Engine\Mesh.h">
      <Filter>source\Engine</Filter>
    </ClInclude>
    <ClInclude Include="source\Utility\TextureFilter.h">
      <Filter>source\Utility</Filter>
    </ClInclude>
    <ClInclude Include="source\Engine\Transform.h">
      <Filter>source\Engine</Filter>
    </ClInclude>
    <ClInclude Include="source\Engine\Renderer.h">
      <Filter>source\Engine</Filter>
    </ClInclude>
    <ClInclude Include="source\Utility\RenderSettings.h">
      <Filter>source\Utility</Filter>
    </ClInclude>
    <ClInclude Include="source\Utility\BlendMode.h">
      <Filter>source\Utility</Filter>
    </ClInclude>
    <ClInclude Include="source\Engine\GLLight.h">
      <Filter>source\Engine</Filter>
    </ClInclude>
    <ClInclude Include="source\Engine\VertexArray.h">
      <Filter>source\Engine</Filter>
    </ClInclude>
    <ClInclude Include="source\Engine\Buffer.h">
      <Filter>source\Engine</Filter>
    </ClInclude>
    <ClInclude Include="source\Engine\Framebuffer.h">
      <Filter>source\Engine</Filter>
    </ClInclude>
    <ClInclude Include="source\Engine\Renderbuffer.h">
      <Filter>source\Engine</Filter>
    </ClInclude>
    <ClInclude Include="source\Utility\Math.h">
      <Filter>source\Utility</Filter>
    </ClInclude>
    <ClInclude Include="source\Utility\MaterialType.h">
      <Filter>source\Utility</Filter>
    </ClInclude>
    <ClInclude Include="source\Materials\PBRMaterial.h">
      <Filter>source\Materials</Filter>
    </ClInclude>
    <ClInclude Include="source\Engine\IBLMaps.h">
      <Filter>source\Engine</Filter>
    </ClInclude>
    <ClInclude Include="source\Utility\Converter.h">
      <Filter>source\Utility</Filter>
    </ClInclude>
    <ClInclude Include="source\UI\OverlayUI.h">
      <Filter>source\UI</Filter>
    </ClInclude>
    <ClInclude Include="source\UI\imgui\imconfig.h">
      <Filter>source\UI\imgui</Filter>
    </ClInclude>
    <ClInclude Include="source\UI\imgui\imgui.h">
      <Filter>source\UI\imgui</Filter>
    </ClInclude>
    <ClInclude Include="source\UI\imgui\imgui_impl_glfw.h">
      <Filter>source\UI\imgui</Filter>
    </ClInclude>
    <ClInclude Include="source\UI\imgui\imgui_internal.h">
      <Filter>source\UI\imgui</Filter>
    </ClInclude>
    <ClInclude Include="source\UI\imgui\imstb_rectpack.h">
      <Filter>source\UI\imgui</Filter>
    </ClInclude>
    <ClInclude Include="source\UI\imgui\imstb_textedit.h">
      <Filter>source\UI\imgui</Filter>
    </ClInclude>
    <ClInclude Include="source\UI\imgui\imstb_truetype.h">
      <Filter>source\UI\imgui</Filter>
    </ClInclude>
    <ClInclude Include="source\Engine\stb_image\stb_image.h">
      <Filter>source\Engine\stb_image</Filter>
    </ClInclude>
    <ClInclude Include="source\Engine\stb_image\stb_image_write.h">
      <Filter>source\Engine\stb_image</Filter>
    </ClInclude>
    <ClInclude Include="source\UI\imgui\imgui_impl_opengl3.h">
      <Filter>source\UI\imgui</Filter>
    </ClInclude>
  </ItemGroup>
  <ItemGroup>
    <None Include="assets\shaders\material shader\color.fs">
      <Filter>shaders\material shader</Filter>
    </None>
    <None Include="assets\shaders\material shader\color.vs">
      <Filter>shaders\material shader</Filter>
    </None>
    <None Include="assets\shaders\material shader\texture.fs">
      <Filter>shaders\material shader</Filter>
    </None>
    <None Include="assets\shaders\material shader\texture.vs">
      <Filter>shaders\material shader</Filter>
    </None>
  </ItemGroup>
</Project>